
Microsoft Visual Studio Solution File, Format Version 12.00
# Visual Studio Version 17
VisualStudioVersion = 17.11.35327.3
MinimumVisualStudioVersion = 10.0.40219.1
Project("{FAE04EC0-301F-11D3-BF4B-00C04F79EFBC}") = "collections6", "collections6\collections6.csproj", "{B981CCB9-E733-4C91-B716-329C9703792F}"
EndProject
Global
	GlobalSection(SolutionConfigurationPlatforms) = preSolution
		Debug|Any CPU = Debug|Any CPU
		Release|Any CPU = Release|Any CPU
	EndGlobalSection
	GlobalSection(ProjectConfigurationPlatforms) = postSolution
		{B981CCB9-E733-4C91-B716-329C9703792F}.Debug|Any CPU.ActiveCfg = Debug|Any CPU
		{B981CCB9-E733-4C91-B716-329C9703792F}.Debug|Any CPU.Build.0 = Debug|Any CPU
		{B981CCB9-E733-4C91-B716-329C9703792F}.Release|Any CPU.ActiveCfg = Release|Any CPU
		{B981CCB9-E733-4C91-B716-329C9703792F}.Release|Any CPU.Build.0 = Release|Any CPU
	EndGlobalSection
	GlobalSection(SolutionProperties) = preSolution
		HideSolutionNode = FALSE
	EndGlobalSection
	GlobalSection(ExtensibilityGlobals) = postSolution
		SolutionGuid = {0E0E92BC-5307-4F98-BA33-67C72486545F}
	EndGlobalSection
EndGlobal
